// !$*UTF8*$!
{
	archiveVersion = 1;
	classes = {
	};
	objectVersion = 56;
	objects = {

/* Begin PBXBuildFile section */
		3939BAC92914CA0B007CD947 /* ErablesApp.swift in Sources */ = {isa = PBXBuildFile; fileRef = 3939BAC82914CA0B007CD947 /* ErablesApp.swift */; };
		3939BACB2914CA0B007CD947 /* ContentView.swift in Sources */ = {isa = PBXBuildFile; fileRef = 3939BACA2914CA0B007CD947 /* ContentView.swift */; };
		3939BACD2914CA0C007CD947 /* Assets.xcassets in Resources */ = {isa = PBXBuildFile; fileRef = 3939BACC2914CA0C007CD947 /* Assets.xcassets */; };
		3939BAD02914CA0C007CD947 /* Preview Assets.xcassets in Resources */ = {isa = PBXBuildFile; fileRef = 3939BACF2914CA0C007CD947 /* Preview Assets.xcassets */; };
		39541CC4298754230041C314 /* ErableRegression30Gen.mlmodel in Sources */ = {isa = PBXBuildFile; fileRef = 39541CC3298754230041C314 /* ErableRegression30Gen.mlmodel */; };
		396882B02981F7EB00A7A71B /* ErablesClassification26Gen.mlmodel in Sources */ = {isa = PBXBuildFile; fileRef = 396882AF2981F7EB00A7A71B /* ErablesClassification26Gen.mlmodel */; };
		3972899C2979185F002FE51B /* ErableKeras5.mlmodel in Sources */ = {isa = PBXBuildFile; fileRef = 3972899B2979185F002FE51B /* ErableKeras5.mlmodel */; };
		3978DD20293AD81B0046AAB5 /* ARViewContainer.swift in Sources */ = {isa = PBXBuildFile; fileRef = 3978DD1F293AD81B0046AAB5 /* ARViewContainer.swift */; };
		39B5DF08298B653B00F36193 /* ErableKeras7.mlmodel in Sources */ = {isa = PBXBuildFile; fileRef = 39B5DF07298B653B00F36193 /* ErableKeras7.mlmodel */; };
		39B5DF0A298B655900F36193 /* Reg30Gen.mlmodel in Sources */ = {isa = PBXBuildFile; fileRef = 39B5DF09298B655900F36193 /* Reg30Gen.mlmodel */; };
		39DAC9D229822E4100A11CF1 /* ErableKeras6.mlmodel in Sources */ = {isa = PBXBuildFile; fileRef = 39DAC9D129822E4100A11CF1 /* ErableKeras6.mlmodel */; };
		48180435193FEDCF0072A833 /* Pods_Erables.framework in Frameworks */ = {isa = PBXBuildFile; fileRef = 6C220AF8BCB521BB56761D77 /* Pods_Erables.framework */; };
/* End PBXBuildFile section */

/* Begin PBXFileReference section */
		3939BAC52914CA0B007CD947 /* ErableFaceForTest.app */ = {isa = PBXFileReference; explicitFileType = wrapper.application; includeInIndex = 0; path = ErableFaceForTest.app; sourceTree = BUILT_PRODUCTS_DIR; };
		3939BAC82914CA0B007CD947 /* ErablesApp.swift */ = {isa = PBXFileReference; lastKnownFileType = sourcecode.swift; path = ErablesApp.swift; sourceTree = "<group>"; };
		3939BACA2914CA0B007CD947 /* ContentView.swift */ = {isa = PBXFileReference; lastKnownFileType = sourcecode.swift; path = ContentView.swift; sourceTree = "<group>"; };
		3939BACC2914CA0C007CD947 /* Assets.xcassets */ = {isa = PBXFileReference; lastKnownFileType = folder.assetcatalog; path = Assets.xcassets; sourceTree = "<group>"; };
		3939BACF2914CA0C007CD947 /* Preview Assets.xcassets */ = {isa = PBXFileReference; lastKnownFileType = folder.assetcatalog; path = "Preview Assets.xcassets"; sourceTree = "<group>"; };
		39541CC3298754230041C314 /* ErableRegression30Gen.mlmodel */ = {isa = PBXFileReference; lastKnownFileType = file.mlmodel; path = ErableRegression30Gen.mlmodel; sourceTree = "<group>"; };
		396882AF2981F7EB00A7A71B /* ErablesClassification26Gen.mlmodel */ = {isa = PBXFileReference; lastKnownFileType = file.mlmodel; path = ErablesClassification26Gen.mlmodel; sourceTree = "<group>"; };
		3972899B2979185F002FE51B /* ErableKeras5.mlmodel */ = {isa = PBXFileReference; lastKnownFileType = file.mlmodel; path = ErableKeras5.mlmodel; sourceTree = "<group>"; };
		3978DD1F293AD81B0046AAB5 /* ARViewContainer.swift */ = {isa = PBXFileReference; lastKnownFileType = sourcecode.swift; path = ARViewContainer.swift; sourceTree = "<group>"; };
		3987BF152919CD140023FF7D /* Info.plist */ = {isa = PBXFileReference; lastKnownFileType = text.plist; path = Info.plist; sourceTree = "<group>"; };
		39B5DF07298B653B00F36193 /* ErableKeras7.mlmodel */ = {isa = PBXFileReference; lastKnownFileType = file.mlmodel; path = ErableKeras7.mlmodel; sourceTree = "<group>"; };
		39B5DF09298B655900F36193 /* Reg30Gen.mlmodel */ = {isa = PBXFileReference; lastKnownFileType = file.mlmodel; name = Reg30Gen.mlmodel; path = ../../Erables3dObj/Erables/Reg30Gen.mlmodel; sourceTree = "<group>"; };
		39DAC9D129822E4100A11CF1 /* ErableKeras6.mlmodel */ = {isa = PBXFileReference; lastKnownFileType = file.mlmodel; path = ErableKeras6.mlmodel; sourceTree = "<group>"; };
		6C220AF8BCB521BB56761D77 /* Pods_Erables.framework */ = {isa = PBXFileReference; explicitFileType = wrapper.framework; includeInIndex = 0; path = Pods_Erables.framework; sourceTree = BUILT_PRODUCTS_DIR; };
		CB43ABD7117D2EBCF63C3AD3 /* Pods-Erables.debug.xcconfig */ = {isa = PBXFileReference; includeInIndex = 1; lastKnownFileType = text.xcconfig; name = "Pods-Erables.debug.xcconfig"; path = "Target Support Files/Pods-Erables/Pods-Erables.debug.xcconfig"; sourceTree = "<group>"; };
		F7478EEC6080065ACFCE4F71 /* Pods-Erables.release.xcconfig */ = {isa = PBXFileReference; includeInIndex = 1; lastKnownFileType = text.xcconfig; name = "Pods-Erables.release.xcconfig"; path = "Target Support Files/Pods-Erables/Pods-Erables.release.xcconfig"; sourceTree = "<group>"; };
/* End PBXFileReference section */

/* Begin PBXFrameworksBuildPhase section */
		3939BAC22914CA0B007CD947 /* Frameworks */ = {
			isa = PBXFrameworksBuildPhase;
			buildActionMask = 2147483647;
			files = (
				48180435193FEDCF0072A833 /* Pods_Erables.framework in Frameworks */,
			);
			runOnlyForDeploymentPostprocessing = 0;
		};
/* End PBXFrameworksBuildPhase section */

/* Begin PBXGroup section */
		3939BABC2914CA0B007CD947 = {
			isa = PBXGroup;
			children = (
				3939BAC72914CA0B007CD947 /* Erables */,
				3939BAC62914CA0B007CD947 /* Products */,
				B42E0442820F40B9D2EDDA82 /* Pods */,
				8C8E208405728CD7972AAE73 /* Frameworks */,
			);
			sourceTree = "<group>";
		};
		3939BAC62914CA0B007CD947 /* Products */ = {
			isa = PBXGroup;
			children = (
				3939BAC52914CA0B007CD947 /* ErableFaceForTest.app */,
			);
			name = Products;
			sourceTree = "<group>";
		};
		3939BAC72914CA0B007CD947 /* Erables */ = {
			isa = PBXGroup;
			children = (
				3987BF152919CD140023FF7D /* Info.plist */,
				3939BAC82914CA0B007CD947 /* ErablesApp.swift */,
				3939BACA2914CA0B007CD947 /* ContentView.swift */,
				3978DD1F293AD81B0046AAB5 /* ARViewContainer.swift */,
				3972899B2979185F002FE51B /* ErableKeras5.mlmodel */,
				396882AF2981F7EB00A7A71B /* ErablesClassification26Gen.mlmodel */,
				39541CC3298754230041C314 /* ErableRegression30Gen.mlmodel */,
				39B5DF09298B655900F36193 /* Reg30Gen.mlmodel */,
				39B5DF07298B653B00F36193 /* ErableKeras7.mlmodel */,
				39DAC9D129822E4100A11CF1 /* ErableKeras6.mlmodel */,
				3939BACC2914CA0C007CD947 /* Assets.xcassets */,
				3939BACE2914CA0C007CD947 /* Preview Content */,
			);
			path = Erables;
			sourceTree = "<group>";
		};
		3939BACE2914CA0C007CD947 /* Preview Content */ = {
			isa = PBXGroup;
			children = (
				3939BACF2914CA0C007CD947 /* Preview Assets.xcassets */,
			);
			path = "Preview Content";
			sourceTree = "<group>";
		};
		8C8E208405728CD7972AAE73 /* Frameworks */ = {
			isa = PBXGroup;
			children = (
				6C220AF8BCB521BB56761D77 /* Pods_Erables.framework */,
			);
			name = Frameworks;
			sourceTree = "<group>";
		};
		B42E0442820F40B9D2EDDA82 /* Pods */ = {
			isa = PBXGroup;
			children = (
				CB43ABD7117D2EBCF63C3AD3 /* Pods-Erables.debug.xcconfig */,
				F7478EEC6080065ACFCE4F71 /* Pods-Erables.release.xcconfig */,
			);
			path = Pods;
			sourceTree = "<group>";
		};
/* End PBXGroup section */

/* Begin PBXNativeTarget section */
		3939BAC42914CA0B007CD947 /* Erables */ = {
			isa = PBXNativeTarget;
			buildConfigurationList = 3939BAD32914CA0C007CD947 /* Build configuration list for PBXNativeTarget "Erables" */;
			buildPhases = (
				5D19D74A612627E553DA80E4 /* [CP] Check Pods Manifest.lock */,
				3939BAC12914CA0B007CD947 /* Sources */,
				3939BAC22914CA0B007CD947 /* Frameworks */,
				3939BAC32914CA0B007CD947 /* Resources */,
				1FBC152ED36469165EC5578B /* [CP] Embed Pods Frameworks */,
			);
			buildRules = (
			);
			dependencies = (
			);
			name = Erables;
			productName = Erables;
			productReference = 3939BAC52914CA0B007CD947 /* ErableFaceForTest.app */;
			productType = "com.apple.product-type.application";
		};
/* End PBXNativeTarget section */

/* Begin PBXProject section */
		3939BABD2914CA0B007CD947 /* Project object */ = {
			isa = PBXProject;
			attributes = {
				BuildIndependentTargetsInParallel = 1;
				LastSwiftUpdateCheck = 1410;
				LastUpgradeCheck = 1410;
				TargetAttributes = {
					3939BAC42914CA0B007CD947 = {
						CreatedOnToolsVersion = 14.1;
					};
				};
			};
			buildConfigurationList = 3939BAC02914CA0B007CD947 /* Build configuration list for PBXProject "Erables" */;
			compatibilityVersion = "Xcode 14.0";
			developmentRegion = en;
			hasScannedForEncodings = 0;
			knownRegions = (
				en,
				Base,
			);
			mainGroup = 3939BABC2914CA0B007CD947;
			productRefGroup = 3939BAC62914CA0B007CD947 /* Products */;
			projectDirPath = "";
			projectRoot = "";
			targets = (
				3939BAC42914CA0B007CD947 /* Erables */,
			);
		};
/* End PBXProject section */

/* Begin PBXResourcesBuildPhase section */
		3939BAC32914CA0B007CD947 /* Resources */ = {
			isa = PBXResourcesBuildPhase;
			buildActionMask = 2147483647;
			files = (
				3939BAD02914CA0C007CD947 /* Preview Assets.xcassets in Resources */,
				3939BACD2914CA0C007CD947 /* Assets.xcassets in Resources */,
			);
			runOnlyForDeploymentPostprocessing = 0;
		};
/* End PBXResourcesBuildPhase section */

/* Begin PBXShellScriptBuildPhase section */
		1FBC152ED36469165EC5578B /* [CP] Embed Pods Frameworks */ = {
			isa = PBXShellScriptBuildPhase;
			buildActionMask = 2147483647;
			files = (
			);
			inputFileListPaths = (
				"${PODS_ROOT}/Target Support Files/Pods-Erables/Pods-Erables-frameworks-${CONFIGURATION}-input-files.xcfilelist",
			);
			name = "[CP] Embed Pods Frameworks";
			outputFileListPaths = (
				"${PODS_ROOT}/Target Support Files/Pods-Erables/Pods-Erables-frameworks-${CONFIGURATION}-output-files.xcfilelist",
			);
			runOnlyForDeploymentPostprocessing = 0;
			shellPath = /bin/sh;
			shellScript = "\"${PODS_ROOT}/Target Support Files/Pods-Erables/Pods-Erables-frameworks.sh\"\n";
			showEnvVarsInLog = 0;
		};
		5D19D74A612627E553DA80E4 /* [CP] Check Pods Manifest.lock */ = {
			isa = PBXShellScriptBuildPhase;
			buildActionMask = 2147483647;
			files = (
			);
			inputFileListPaths = (
			);
			inputPaths = (
				"${PODS_PODFILE_DIR_PATH}/Podfile.lock",
				"${PODS_ROOT}/Manifest.lock",
			);
			name = "[CP] Check Pods Manifest.lock";
			outputFileListPaths = (
			);
			outputPaths = (
				"$(DERIVED_FILE_DIR)/Pods-Erables-checkManifestLockResult.txt",
			);
			runOnlyForDeploymentPostprocessing = 0;
			shellPath = /bin/sh;
			shellScript = "diff \"${PODS_PODFILE_DIR_PATH}/Podfile.lock\" \"${PODS_ROOT}/Manifest.lock\" > /dev/null\nif [ $? != 0 ] ; then\n    # print error to STDERR\n    echo \"error: The sandbox is not in sync with the Podfile.lock. Run 'pod install' or update your CocoaPods installation.\" >&2\n    exit 1\nfi\n# This output is used by Xcode 'outputs' to avoid re-running this script phase.\necho \"SUCCESS\" > \"${SCRIPT_OUTPUT_FILE_0}\"\n";
			showEnvVarsInLog = 0;
		};
/* End PBXShellScriptBuildPhase section */

/* Begin PBXSourcesBuildPhase section */
		3939BAC12914CA0B007CD947 /* Sources */ = {
			isa = PBXSourcesBuildPhase;
			buildActionMask = 2147483647;
			files = (
				3939BACB2914CA0B007CD947 /* ContentView.swift in Sources */,
				3978DD20293AD81B0046AAB5 /* ARViewContainer.swift in Sources */,
				3972899C2979185F002FE51B /* ErableKeras5.mlmodel in Sources */,
				3939BAC92914CA0B007CD947 /* ErablesApp.swift in Sources */,
				39B5DF08298B653B00F36193 /* ErableKeras7.mlmodel in Sources */,
				39DAC9D229822E4100A11CF1 /* ErableKeras6.mlmodel in Sources */,
				396882B02981F7EB00A7A71B /* ErablesClassification26Gen.mlmodel in Sources */,
				39B5DF0A298B655900F36193 /* Reg30Gen.mlmodel in Sources */,
				39541CC4298754230041C314 /* ErableRegression30Gen.mlmodel in Sources */,
			);
			runOnlyForDeploymentPostprocessing = 0;
		};
/* End PBXSourcesBuildPhase section */

/* Begin XCBuildConfiguration section */
		3939BAD12914CA0C007CD947 /* Debug */ = {
			isa = XCBuildConfiguration;
			buildSettings = {
				ALWAYS_SEARCH_USER_PATHS = NO;
				CLANG_ANALYZER_NONNULL = YES;
				CLANG_ANALYZER_NUMBER_OBJECT_CONVERSION = YES_AGGRESSIVE;
				CLANG_CXX_LANGUAGE_STANDARD = "gnu++20";
				CLANG_ENABLE_MODULES = YES;
				CLANG_ENABLE_OBJC_ARC = YES;
				CLANG_ENABLE_OBJC_WEAK = YES;
				CLANG_WARN_BLOCK_CAPTURE_AUTORELEASING = YES;
				CLANG_WARN_BOOL_CONVERSION = YES;
				CLANG_WARN_COMMA = YES;
				CLANG_WARN_CONSTANT_CONVERSION = YES;
				CLANG_WARN_DEPRECATED_OBJC_IMPLEMENTATIONS = YES;
				CLANG_WARN_DIRECT_OBJC_ISA_USAGE = YES_ERROR;
				CLANG_WARN_DOCUMENTATION_COMMENTS = YES;
				CLANG_WARN_EMPTY_BODY = YES;
				CLANG_WARN_ENUM_CONVERSION = YES;
				CLANG_WARN_INFINITE_RECURSION = YES;
				CLANG_WARN_INT_CONVERSION = YES;
				CLANG_WARN_NON_LITERAL_NULL_CONVERSION = YES;
				CLANG_WARN_OBJC_IMPLICIT_RETAIN_SELF = YES;
				CLANG_WARN_OBJC_LITERAL_CONVERSION = YES;
				CLANG_WARN_OBJC_ROOT_CLASS = YES_ERROR;
				CLANG_WARN_QUOTED_INCLUDE_IN_FRAMEWORK_HEADER = YES;
				CLANG_WARN_RANGE_LOOP_ANALYSIS = YES;
				CLANG_WARN_STRICT_PROTOTYPES = YES;
				CLANG_WARN_SUSPICIOUS_MOVE = YES;
				CLANG_WARN_UNGUARDED_AVAILABILITY = YES_AGGRESSIVE;
				CLANG_WARN_UNREACHABLE_CODE = YES;
				CLANG_WARN__DUPLICATE_METHOD_MATCH = YES;
				COPY_PHASE_STRIP = NO;
				DEBUG_INFORMATION_FORMAT = dwarf;
				ENABLE_STRICT_OBJC_MSGSEND = YES;
				ENABLE_TESTABILITY = YES;
				GCC_C_LANGUAGE_STANDARD = gnu11;
				GCC_DYNAMIC_NO_PIC = NO;
				GCC_NO_COMMON_BLOCKS = YES;
				GCC_OPTIMIZATION_LEVEL = 0;
				GCC_PREPROCESSOR_DEFINITIONS = (
					"DEBUG=1",
					"$(inherited)",
				);
				GCC_WARN_64_TO_32_BIT_CONVERSION = YES;
				GCC_WARN_ABOUT_RETURN_TYPE = YES_ERROR;
				GCC_WARN_UNDECLARED_SELECTOR = YES;
				GCC_WARN_UNINITIALIZED_AUTOS = YES_AGGRESSIVE;
				GCC_WARN_UNUSED_FUNCTION = YES;
				GCC_WARN_UNUSED_VARIABLE = YES;
				IPHONEOS_DEPLOYMENT_TARGET = 16.1;
				MTL_ENABLE_DEBUG_INFO = INCLUDE_SOURCE;
				MTL_FAST_MATH = YES;
				ONLY_ACTIVE_ARCH = YES;
				SDKROOT = iphoneos;
				SWIFT_ACTIVE_COMPILATION_CONDITIONS = DEBUG;
				SWIFT_OPTIMIZATION_LEVEL = "-Onone";
			};
			name = Debug;
		};
		3939BAD22914CA0C007CD947 /* Release */ = {
			isa = XCBuildConfiguration;
			buildSettings = {
				ALWAYS_SEARCH_USER_PATHS = NO;
				CLANG_ANALYZER_NONNULL = YES;
				CLANG_ANALYZER_NUMBER_OBJECT_CONVERSION = YES_AGGRESSIVE;
				CLANG_CXX_LANGUAGE_STANDARD = "gnu++20";
				CLANG_ENABLE_MODULES = YES;
				CLANG_ENABLE_OBJC_ARC = YES;
				CLANG_ENABLE_OBJC_WEAK = YES;
				CLANG_WARN_BLOCK_CAPTURE_AUTORELEASING = YES;
				CLANG_WARN_BOOL_CONVERSION = YES;
				CLANG_WARN_COMMA = YES;
				CLANG_WARN_CONSTANT_CONVERSION = YES;
				CLANG_WARN_DEPRECATED_OBJC_IMPLEMENTATIONS = YES;
				CLANG_WARN_DIRECT_OBJC_ISA_USAGE = YES_ERROR;
				CLANG_WARN_DOCUMENTATION_COMMENTS = YES;
				CLANG_WARN_EMPTY_BODY = YES;
				CLANG_WARN_ENUM_CONVERSION = YES;
				CLANG_WARN_INFINITE_RECURSION = YES;
				CLANG_WARN_INT_CONVERSION = YES;
				CLANG_WARN_NON_LITERAL_NULL_CONVERSION = YES;
				CLANG_WARN_OBJC_IMPLICIT_RETAIN_SELF = YES;
				CLANG_WARN_OBJC_LITERAL_CONVERSION = YES;
				CLANG_WARN_OBJC_ROOT_CLASS = YES_ERROR;
				CLANG_WARN_QUOTED_INCLUDE_IN_FRAMEWORK_HEADER = YES;
				CLANG_WARN_RANGE_LOOP_ANALYSIS = YES;
				CLANG_WARN_STRICT_PROTOTYPES = YES;
				CLANG_WARN_SUSPICIOUS_MOVE = YES;
				CLANG_WARN_UNGUARDED_AVAILABILITY = YES_AGGRESSIVE;
				CLANG_WARN_UNREACHABLE_CODE = YES;
				CLANG_WARN__DUPLICATE_METHOD_MATCH = YES;
				COPY_PHASE_STRIP = NO;
				DEBUG_INFORMATION_FORMAT = "dwarf-with-dsym";
				ENABLE_NS_ASSERTIONS = NO;
				ENABLE_STRICT_OBJC_MSGSEND = YES;
				GCC_C_LANGUAGE_STANDARD = gnu11;
				GCC_NO_COMMON_BLOCKS = YES;
				GCC_WARN_64_TO_32_BIT_CONVERSION = YES;
				GCC_WARN_ABOUT_RETURN_TYPE = YES_ERROR;
				GCC_WARN_UNDECLARED_SELECTOR = YES;
				GCC_WARN_UNINITIALIZED_AUTOS = YES_AGGRESSIVE;
				GCC_WARN_UNUSED_FUNCTION = YES;
				GCC_WARN_UNUSED_VARIABLE = YES;
				IPHONEOS_DEPLOYMENT_TARGET = 16.1;
				MTL_ENABLE_DEBUG_INFO = NO;
				MTL_FAST_MATH = YES;
				SDKROOT = iphoneos;
				SWIFT_COMPILATION_MODE = wholemodule;
				SWIFT_OPTIMIZATION_LEVEL = "-O";
				VALIDATE_PRODUCT = YES;
			};
			name = Release;
		};
		3939BAD42914CA0C007CD947 /* Debug */ = {
			isa = XCBuildConfiguration;
			baseConfigurationReference = CB43ABD7117D2EBCF63C3AD3 /* Pods-Erables.debug.xcconfig */;
			buildSettings = {
				ASSETCATALOG_COMPILER_APPICON_NAME = AppIcon;
				ASSETCATALOG_COMPILER_GLOBAL_ACCENT_COLOR_NAME = AccentColor;
				CODE_SIGN_STYLE = Automatic;
				CURRENT_PROJECT_VERSION = 1;
				DEVELOPMENT_ASSET_PATHS = "\"Erables/Preview Content\"";
				DEVELOPMENT_TEAM = NM9YT948HL;
				ENABLE_PREVIEWS = YES;
				GENERATE_INFOPLIST_FILE = YES;
				INFOPLIST_FILE = Erables/Info.plist;
				INFOPLIST_KEY_NSBluetoothAlwaysUsageDescription = Earables;
				INFOPLIST_KEY_NSCameraUsageDescription = "Mi serve la camera";
				INFOPLIST_KEY_UIApplicationSceneManifest_Generation = YES;
				INFOPLIST_KEY_UIApplicationSupportsIndirectInputEvents = YES;
				INFOPLIST_KEY_UILaunchScreen_Generation = YES;
				INFOPLIST_KEY_UISupportedInterfaceOrientations_iPad = "UIInterfaceOrientationPortrait UIInterfaceOrientationPortraitUpsideDown UIInterfaceOrientationLandscapeLeft UIInterfaceOrientationLandscapeRight";
				INFOPLIST_KEY_UISupportedInterfaceOrientations_iPhone = "UIInterfaceOrientationPortrait UIInterfaceOrientationLandscapeLeft UIInterfaceOrientationLandscapeRight";
				LD_RUNPATH_SEARCH_PATHS = (
					"$(inherited)",
					"@executable_path/Frameworks",
				);
				MARKETING_VERSION = 1.0;
				PRODUCT_BUNDLE_IDENTIFIER = LL.Erables;
				PRODUCT_NAME = ErableFaceForTest;
				SWIFT_EMIT_LOC_STRINGS = YES;
				SWIFT_VERSION = 5.0;
				TARGETED_DEVICE_FAMILY = "1,2";
			};
			name = Debug;
		};
		3939BAD52914CA0C007CD947 /* Release */ = {
			isa = XCBuildConfiguration;
			baseConfigurationReference = F7478EEC6080065ACFCE4F71 /* Pods-Erables.release.xcconfig */;
			buildSettings = {
				ASSETCATALOG_COMPILER_APPICON_NAME = AppIcon;
				ASSETCATALOG_COMPILER_GLOBAL_ACCENT_COLOR_NAME = AccentColor;
				CODE_SIGN_STYLE = Automatic;
				CURRENT_PROJECT_VERSION = 1;
				DEVELOPMENT_ASSET_PATHS = "\"Erables/Preview Content\"";
				DEVELOPMENT_TEAM = NM9YT948HL;
				ENABLE_PREVIEWS = YES;
				GENERATE_INFOPLIST_FILE = YES;
				INFOPLIST_FILE = Erables/Info.plist;
				INFOPLIST_KEY_NSBluetoothAlwaysUsageDescription = Earables;
				INFOPLIST_KEY_NSCameraUsageDescription = "Mi serve la camera";
				INFOPLIST_KEY_UIApplicationSceneManifest_Generation = YES;
				INFOPLIST_KEY_UIApplicationSupportsIndirectInputEvents = YES;
				INFOPLIST_KEY_UILaunchScreen_Generation = YES;
				INFOPLIST_KEY_UISupportedInterfaceOrientations_iPad = "UIInterfaceOrientationPortrait UIInterfaceOrientationPortraitUpsideDown UIInterfaceOrientationLandscapeLeft UIInterfaceOrientationLandscapeRight";
				INFOPLIST_KEY_UISupportedInterfaceOrientations_iPhone = "UIInterfaceOrientationPortrait UIInterfaceOrientationLandscapeLeft UIInterfaceOrientationLandscapeRight";
				LD_RUNPATH_SEARCH_PATHS = (
					"$(inherited)",
					"@executable_path/Frameworks",
				);
				MARKETING_VERSION = 1.0;
				PRODUCT_BUNDLE_IDENTIFIER = LL.Erables;
				PRODUCT_NAME = ErableFaceForTest;
				SWIFT_EMIT_LOC_STRINGS = YES;
				SWIFT_VERSION = 5.0;
				TARGETED_DEVICE_FAMILY = "1,2";
			};
			name = Release;
		};
/* End XCBuildConfiguration section */

/* Begin XCConfigurationList section */
		3939BAC02914CA0B007CD947 /* Build configuration list for PBXProject "Erables" */ = {
			isa = XCConfigurationList;
			buildConfigurations = (
				3939BAD12914CA0C007CD947 /* Debug */,
				3939BAD22914CA0C007CD947 /* Release */,
			);
			defaultConfigurationIsVisible = 0;
			defaultConfigurationName = Release;
		};
		3939BAD32914CA0C007CD947 /* Build configuration list for PBXNativeTarget "Erables" */ = {
			isa = XCConfigurationList;
			buildConfigurations = (
				3939BAD42914CA0C007CD947 /* Debug */,
				3939BAD52914CA0C007CD947 /* Release */,
			);
			defaultConfigurationIsVisible = 0;
			defaultConfigurationName = Release;
		};
/* End XCConfigurationList section */
	};
	rootObject = 3939BABD2914CA0B007CD947 /* Project object */;
}
